
Microsoft Visual Studio Solution File, Format Version 12.00
# Visual Studio 2013
VisualStudioVersion = 12.0.30626.0
MinimumVisualStudioVersion = 10.0.40219.1
Project("{FAE04EC0-301F-11D3-BF4B-00C04F79EFBC}") = "WpfPerMonitorDpiWindow", "WpfPerMonitorDpi\WpfPerMonitorDpiWindow.csproj", "{ABEBDBE4-1EF5-4D9E-81E8-454A1920659D}"
EndProject
Project("{FAE04EC0-301F-11D3-BF4B-00C04F79EFBC}") = "PerMonitorDpi", "PerMonitorDpi\PerMonitorDpi.csproj", "{E216CB47-4CD6-4F68-8378-67D53423277B}"
EndProject
Project("{FAE04EC0-301F-11D3-BF4B-00C04F79EFBC}") = "WpfExtendedWindow", "WpfExtendedWindow\WpfExtendedWindow.csproj", "{4B7C28F2-8C8E-4FD3-9D90-E33189D5D007}"
EndProject
Project("{FAE04EC0-301F-11D3-BF4B-00C04F79EFBC}") = "WpfPerMonitorDpiBehavior", "WpfPerMonitorDpiBehavior\WpfPerMonitorDpiBehavior.csproj", "{6666B061-3522-413C-9124-E814A0611AF2}"
EndProject
Project("{FAE04EC0-301F-11D3-BF4B-00C04F79EFBC}") = "WpfPerMonitorDpiProperty", "WpfPerMonitorDpiProperty\WpfPerMonitorDpiProperty.csproj", "{B40BA673-4E56-467E-B5D2-0D0D5C1F7EF3}"
EndProject
Global
	GlobalSection(SolutionConfigurationPlatforms) = preSolution
		Debug|Any CPU = Debug|Any CPU
		Release|Any CPU = Release|Any CPU
	EndGlobalSection
	GlobalSection(ProjectConfigurationPlatforms) = postSolution
		{ABEBDBE4-1EF5-4D9E-81E8-454A1920659D}.Debug|Any CPU.ActiveCfg = Debug|Any CPU
		{ABEBDBE4-1EF5-4D9E-81E8-454A1920659D}.Debug|Any CPU.Build.0 = Debug|Any CPU
		{ABEBDBE4-1EF5-4D9E-81E8-454A1920659D}.Release|Any CPU.ActiveCfg = Release|Any CPU
		{ABEBDBE4-1EF5-4D9E-81E8-454A1920659D}.Release|Any CPU.Build.0 = Release|Any CPU
		{E216CB47-4CD6-4F68-8378-67D53423277B}.Debug|Any CPU.ActiveCfg = Debug|Any CPU
		{E216CB47-4CD6-4F68-8378-67D53423277B}.Debug|Any CPU.Build.0 = Debug|Any CPU
		{E216CB47-4CD6-4F68-8378-67D53423277B}.Release|Any CPU.ActiveCfg = Release|Any CPU
		{E216CB47-4CD6-4F68-8378-67D53423277B}.Release|Any CPU.Build.0 = Release|Any CPU
		{4B7C28F2-8C8E-4FD3-9D90-E33189D5D007}.Debug|Any CPU.ActiveCfg = Debug|Any CPU
		{4B7C28F2-8C8E-4FD3-9D90-E33189D5D007}.Debug|Any CPU.Build.0 = Debug|Any CPU
		{4B7C28F2-8C8E-4FD3-9D90-E33189D5D007}.Release|Any CPU.ActiveCfg = Release|Any CPU
		{4B7C28F2-8C8E-4FD3-9D90-E33189D5D007}.Release|Any CPU.Build.0 = Release|Any CPU
		{6666B061-3522-413C-9124-E814A0611AF2}.Debug|Any CPU.ActiveCfg = Debug|Any CPU
		{6666B061-3522-413C-9124-E814A0611AF2}.Debug|Any CPU.Build.0 = Debug|Any CPU
		{6666B061-3522-413C-9124-E814A0611AF2}.Release|Any CPU.ActiveCfg = Release|Any CPU
		{6666B061-3522-413C-9124-E814A0611AF2}.Release|Any CPU.Build.0 = Release|Any CPU
		{B40BA673-4E56-467E-B5D2-0D0D5C1F7EF3}.Debug|Any CPU.ActiveCfg = Debug|Any CPU
		{B40BA673-4E56-467E-B5D2-0D0D5C1F7EF3}.Debug|Any CPU.Build.0 = Debug|Any CPU
		{B40BA673-4E56-467E-B5D2-0D0D5C1F7EF3}.Release|Any CPU.ActiveCfg = Release|Any CPU
		{B40BA673-4E56-467E-B5D2-0D0D5C1F7EF3}.Release|Any CPU.Build.0 = Release|Any CPU
	EndGlobalSection
	GlobalSection(SolutionProperties) = preSolution
		HideSolutionNode = FALSE
	EndGlobalSection
EndGlobal
